<?xml version="1.0" encoding="utf-8"?>
<Project ToolsVersion="4.0" xmlns="http://schemas.microsoft.com/developer/msbuild/2003">
  <ItemGroup>
    <Filter Include="Source Files">
      <UniqueIdentifier>{4FC737F1-C7A5-4376-A066-2A32D752A2FF}</UniqueIdentifier>
      <Extensions>cpp;c;cc;cxx;def;odl;idl;hpj;bat;asm;asmx</Extensions>
    </Filter>
    <Filter Include="Header Files">
      <UniqueIdentifier>{93995380-89BD-4b04-88EB-625FBE52EBFB}</UniqueIdentifier>
      <Extensions>h;hh;hpp;hxx;hm;inl;inc;ipp;xsd</Extensions>
    </Filter>
    <Filter Include="Resource Files">
      <UniqueIdentifier>{67DA6AB6-F800-4c08-8B7A-83BB121AAD01}</UniqueIdentifier>
      <Extensions>rc;ico;cur;bmp;dlg;rc2;rct;bin;rgs;gif;jpg;jpeg;jpe;resx;tiff;tif;png;wav;mfcribbon-ms</Extensions>
    </Filter>
    <Filter Include="Interfaces">
      <UniqueIdentifier>{60e5fec5-891a-4b1c-9858-a810df6aed79}</UniqueIdentifier>
    </Filter>
    <Filter Include="Interfaces\DllMain">
      <UniqueIdentifier>{1d5a94f2-dd6d-442e-8d99-aee5cc932665}</UniqueIdentifier>
    </Filter>
  </ItemGroup>
  <ItemGroup>
    <ClInclude Include="SDK.h">
      <Filter>Header Files</Filter>
    </ClInclude>
    <ClInclude Include="IEngineClient.h">
      <Filter>Interfaces</Filter>
    </ClInclude>
    <ClInclude Include="IClientMode.h">
      <Filter>Interfaces</Filter>
    </ClInclude>
    <ClInclude Include="IClientEntity.h">
      <Filter>Interfaces</Filter>
    </ClInclude>
    <ClInclude Include="IClientEntityList.h">
      <Filter>Interfaces</Filter>
    </ClInclude>
    <ClInclude Include="ISurface.h">
      <Filter>Interfaces</Filter>
    </ClInclude>
    <ClInclude Include="IVPanel.h">
      <Filter>Interfaces</Filter>
    </ClInclude>
    <ClInclude Include="Vector.h">
      <Filter>Interfaces</Filter>
    </ClInclude>
    <ClInclude Include="IBaseClientDLL.h">
      <Filter>Interfaces</Filter>
    </ClInclude>
    <ClInclude Include="NetvarManager.h">
      <Filter>Interfaces</Filter>
    </ClInclude>
    <ClInclude Include="Interfaces.h">
      <Filter>Interfaces</Filter>
    </ClInclude>
    <ClInclude Include="CGlobalVars.h">
      <Filter>Interfaces</Filter>
    </ClInclude>
    <ClInclude Include="DllMain.h">
      <Filter>Interfaces\DllMain</Filter>
    </ClInclude>
    <ClInclude Include="Offsets.h">
      <Filter>Interfaces</Filter>
    </ClInclude>
    <ClInclude Include="Color.h">
      <Filter>Interfaces</Filter>
    </ClInclude>
    <ClInclude Include="FindPattern.h">
      <Filter>Interfaces</Filter>
    </ClInclude>
    <ClInclude Include="Definitions.h">
      <Filter>Interfaces</Filter>
    </ClInclude>
    <ClInclude Include="Functions.h">
      <Filter>Interfaces</Filter>
    </ClInclude>
    <ClInclude Include="Hooks.h">
      <Filter>Header Files</Filter>
    </ClInclude>
    <ClInclude Include="VMTHook.h">
      <Filter>Interfaces</Filter>
    </ClInclude>
    <ClInclude Include="IInputSystem.h">
      <Filter>Interfaces</Filter>
    </ClInclude>
    <ClInclude Include="Misc.h">
      <Filter>Header Files</Filter>
    </ClInclude>
  </ItemGroup>
  <ItemGroup>
    <ClCompile Include="NetvarManager.cpp">
      <Filter>Interfaces</Filter>
    </ClCompile>
    <ClCompile Include="Interfaces.cpp">
      <Filter>Interfaces</Filter>
    </ClCompile>
    <ClCompile Include="DllMain.cpp">
      <Filter>Interfaces\DllMain</Filter>
    </ClCompile>
    <ClCompile Include="Offsets.cpp">
      <Filter>Interfaces</Filter>
    </ClCompile>
    <ClCompile Include="Color.cpp">
      <Filter>Interfaces</Filter>
    </ClCompile>
    <ClCompile Include="FindPattern.cpp">
      <Filter>Interfaces</Filter>
    </ClCompile>
    <ClCompile Include="Hooks.cpp">
      <Filter>Source Files</Filter>
    </ClCompile>
    <ClCompile Include="Misc.cpp">
      <Filter>Source Files</Filter>
    </ClCompile>
  </ItemGroup>
</Project>